// !$*UTF8*$!
{
	archiveVersion = 1;
	classes = {
	};
	objectVersion = 48;
	objects = {

/* Begin PBXBuildFile section */
		74128FF42024EC46003B0591 /* AppDelegate.swift in Sources */ = {isa = PBXBuildFile; fileRef = 74128FF32024EC46003B0591 /* AppDelegate.swift */; };
		74128FF62024EC46003B0591 /* ViewController.swift in Sources */ = {isa = PBXBuildFile; fileRef = 74128FF52024EC46003B0591 /* ViewController.swift */; };
		74128FF92024EC46003B0591 /* Main.storyboard in Resources */ = {isa = PBXBuildFile; fileRef = 74128FF72024EC46003B0591 /* Main.storyboard */; };
		74128FFB2024EC46003B0591 /* Assets.xcassets in Resources */ = {isa = PBXBuildFile; fileRef = 74128FFA2024EC46003B0591 /* Assets.xcassets */; };
		74128FFE2024EC46003B0591 /* LaunchScreen.storyboard in Resources */ = {isa = PBXBuildFile; fileRef = 74128FFC2024EC46003B0591 /* LaunchScreen.storyboard */; };
		741290092024EC46003B0591 /* GonzalezDavid_CE2Tests.swift in Sources */ = {isa = PBXBuildFile; fileRef = 741290082024EC46003B0591 /* GonzalezDavid_CE2Tests.swift */; };
		741290142024EC46003B0591 /* GonzalezDavid_CE2UITests.swift in Sources */ = {isa = PBXBuildFile; fileRef = 741290132024EC46003B0591 /* GonzalezDavid_CE2UITests.swift */; };
/* End PBXBuildFile section */

/* Begin PBXContainerItemProxy section */
		741290052024EC46003B0591 /* PBXContainerItemProxy */ = {
			isa = PBXContainerItemProxy;
			containerPortal = 74128FE82024EC46003B0591 /* Project object */;
			proxyType = 1;
			remoteGlobalIDString = 74128FEF2024EC46003B0591;
			remoteInfo = GonzalezDavid_CE2;
		};
		741290102024EC46003B0591 /* PBXContainerItemProxy */ = {
			isa = PBXContainerItemProxy;
			containerPortal = 74128FE82024EC46003B0591 /* Project object */;
			proxyType = 1;
			remoteGlobalIDString = 74128FEF2024EC46003B0591;
			remoteInfo = GonzalezDavid_CE2;
		};
/* End PBXContainerItemProxy section */

/* Begin PBXFileReference section */
		74128FF02024EC46003B0591 /* GonzalezDavid_CE2.app */ = {isa = PBXFileReference; explicitFileType = wrapper.application; includeInIndex = 0; path = GonzalezDavid_CE2.app; sourceTree = BUILT_PRODUCTS_DIR; };
		74128FF32024EC46003B0591 /* AppDelegate.swift */ = {isa = PBXFileReference; lastKnownFileType = sourcecode.swift; path = AppDelegate.swift; sourceTree = "<group>"; };
		74128FF52024EC46003B0591 /* ViewController.swift */ = {isa = PBXFileReference; lastKnownFileType = sourcecode.swift; path = ViewController.swift; sourceTree = "<group>"; };
		74128FF82024EC46003B0591 /* Base */ = {isa = PBXFileReference; lastKnownFileType = file.storyboard; name = Base; path = Base.lproj/Main.storyboard; sourceTree = "<group>"; };
		74128FFA2024EC46003B0591 /* Assets.xcassets */ = {isa = PBXFileReference; lastKnownFileType = folder.assetcatalog; path = Assets.xcassets; sourceTree = "<group>"; };
		74128FFD2024EC46003B0591 /* Base */ = {isa = PBXFileReference; lastKnownFileType = file.storyboard; name = Base; path = Base.lproj/LaunchScreen.storyboard; sourceTree = "<group>"; };
		74128FFF2024EC46003B0591 /* Info.plist */ = {isa = PBXFileReference; lastKnownFileType = text.plist.xml; path = Info.plist; sourceTree = "<group>"; };
		741290042024EC46003B0591 /* GonzalezDavid_CE2Tests.xctest */ = {isa = PBXFileReference; explicitFileType = wrapper.cfbundle; includeInIndex = 0; path = GonzalezDavid_CE2Tests.xctest; sourceTree = BUILT_PRODUCTS_DIR; };
		741290082024EC46003B0591 /* GonzalezDavid_CE2Tests.swift */ = {isa = PBXFileReference; lastKnownFileType = sourcecode.swift; path = GonzalezDavid_CE2Tests.swift; sourceTree = "<group>"; };
		7412900A2024EC46003B0591 /* Info.plist */ = {isa = PBXFileReference; lastKnownFileType = text.plist.xml; path = Info.plist; sourceTree = "<group>"; };
		7412900F2024EC46003B0591 /* GonzalezDavid_CE2UITests.xctest */ = {isa = PBXFileReference; explicitFileType = wrapper.cfbundle; includeInIndex = 0; path = GonzalezDavid_CE2UITests.xctest; sourceTree = BUILT_PRODUCTS_DIR; };
		741290132024EC46003B0591 /* GonzalezDavid_CE2UITests.swift */ = {isa = PBXFileReference; lastKnownFileType = sourcecode.swift; path = GonzalezDavid_CE2UITests.swift; sourceTree = "<group>"; };
		741290152024EC46003B0591 /* Info.plist */ = {isa = PBXFileReference; lastKnownFileType = text.plist.xml; path = Info.plist; sourceTree = "<group>"; };
/* End PBXFileReference section */

/* Begin PBXFrameworksBuildPhase section */
		74128FED2024EC46003B0591 /* Frameworks */ = {
			isa = PBXFrameworksBuildPhase;
			buildActionMask = 2147483647;
			files = (
			);
			runOnlyForDeploymentPostprocessing = 0;
		};
		741290012024EC46003B0591 /* Frameworks */ = {
			isa = PBXFrameworksBuildPhase;
			buildActionMask = 2147483647;
			files = (
			);
			runOnlyForDeploymentPostprocessing = 0;
		};
		7412900C2024EC46003B0591 /* Frameworks */ = {
			isa = PBXFrameworksBuildPhase;
			buildActionMask = 2147483647;
			files = (
			);
			runOnlyForDeploymentPostprocessing = 0;
		};
/* End PBXFrameworksBuildPhase section */

/* Begin PBXGroup section */
		74128FE72024EC46003B0591 = {
			isa = PBXGroup;
			children = (
				74128FF22024EC46003B0591 /* GonzalezDavid_CE2 */,
				741290072024EC46003B0591 /* GonzalezDavid_CE2Tests */,
				741290122024EC46003B0591 /* GonzalezDavid_CE2UITests */,
				74128FF12024EC46003B0591 /* Products */,
			);
			sourceTree = "<group>";
		};
		74128FF12024EC46003B0591 /* Products */ = {
			isa = PBXGroup;
			children = (
				74128FF02024EC46003B0591 /* GonzalezDavid_CE2.app */,
				741290042024EC46003B0591 /* GonzalezDavid_CE2Tests.xctest */,
				7412900F2024EC46003B0591 /* GonzalezDavid_CE2UITests.xctest */,
			);
			name = Products;
			sourceTree = "<group>";
		};
		74128FF22024EC46003B0591 /* GonzalezDavid_CE2 */ = {
			isa = PBXGroup;
			children = (
				74128FF32024EC46003B0591 /* AppDelegate.swift */,
				74128FF52024EC46003B0591 /* ViewController.swift */,
				74128FF72024EC46003B0591 /* Main.storyboard */,
				74128FFA2024EC46003B0591 /* Assets.xcassets */,
				74128FFC2024EC46003B0591 /* LaunchScreen.storyboard */,
				74128FFF2024EC46003B0591 /* Info.plist */,
			);
			path = GonzalezDavid_CE2;
			sourceTree = "<group>";
		};
		741290072024EC46003B0591 /* GonzalezDavid_CE2Tests */ = {
			isa = PBXGroup;
			children = (
				741290082024EC46003B0591 /* GonzalezDavid_CE2Tests.swift */,
				7412900A2024EC46003B0591 /* Info.plist */,
			);
			path = GonzalezDavid_CE2Tests;
			sourceTree = "<group>";
		};
		741290122024EC46003B0591 /* GonzalezDavid_CE2UITests */ = {
			isa = PBXGroup;
			children = (
				741290132024EC46003B0591 /* GonzalezDavid_CE2UITests.swift */,
				741290152024EC46003B0591 /* Info.plist */,
			);
			path = GonzalezDavid_CE2UITests;
			sourceTree = "<group>";
		};
/* End PBXGroup section */

/* Begin PBXNativeTarget section */
		74128FEF2024EC46003B0591 /* GonzalezDavid_CE2 */ = {
			isa = PBXNativeTarget;
			buildConfigurationList = 741290182024EC46003B0591 /* Build configuration list for PBXNativeTarget "GonzalezDavid_CE2" */;
			buildPhases = (
				74128FEC2024EC46003B0591 /* Sources */,
				74128FED2024EC46003B0591 /* Frameworks */,
				74128FEE2024EC46003B0591 /* Resources */,
			);
			buildRules = (
			);
			dependencies = (
			);
			name = GonzalezDavid_CE2;
			productName = GonzalezDavid_CE2;
			productReference = 74128FF02024EC46003B0591 /* GonzalezDavid_CE2.app */;
			productType = "com.apple.product-type.application";
		};
		741290032024EC46003B0591 /* GonzalezDavid_CE2Tests */ = {
			isa = PBXNativeTarget;
			buildConfigurationList = 7412901B2024EC46003B0591 /* Build configuration list for PBXNativeTarget "GonzalezDavid_CE2Tests" */;
			buildPhases = (
				741290002024EC46003B0591 /* Sources */,
				741290012024EC46003B0591 /* Frameworks */,
				741290022024EC46003B0591 /* Resources */,
			);
			buildRules = (
			);
			dependencies = (
				741290062024EC46003B0591 /* PBXTargetDependency */,
			);
			name = GonzalezDavid_CE2Tests;
			productName = GonzalezDavid_CE2Tests;
			productReference = 741290042024EC46003B0591 /* GonzalezDavid_CE2Tests.xctest */;
			productType = "com.apple.product-type.bundle.unit-test";
		};
		7412900E2024EC46003B0591 /* GonzalezDavid_CE2UITests */ = {
			isa = PBXNativeTarget;
			buildConfigurationList = 7412901E2024EC46003B0591 /* Build configuration list for PBXNativeTarget "GonzalezDavid_CE2UITests" */;
			buildPhases = (
				7412900B2024EC46003B0591 /* Sources */,
				7412900C2024EC46003B0591 /* Frameworks */,
				7412900D2024EC46003B0591 /* Resources */,
			);
			buildRules = (
			);
			dependencies = (
				741290112024EC46003B0591 /* PBXTargetDependency */,
			);
			name = GonzalezDavid_CE2UITests;
			productName = GonzalezDavid_CE2UITests;
			productReference = 7412900F2024EC46003B0591 /* GonzalezDavid_CE2UITests.xctest */;
			productType = "com.apple.product-type.bundle.ui-testing";
		};
/* End PBXNativeTarget section */

/* Begin PBXProject section */
		74128FE82024EC46003B0591 /* Project object */ = {
			isa = PBXProject;
			attributes = {
				LastSwiftUpdateCheck = 0920;
				LastUpgradeCheck = 0920;
				ORGANIZATIONNAME = "David Gonzalez Jr";
				TargetAttributes = {
					74128FEF2024EC46003B0591 = {
						CreatedOnToolsVersion = 9.2;
						ProvisioningStyle = Automatic;
					};
					741290032024EC46003B0591 = {
						CreatedOnToolsVersion = 9.2;
						ProvisioningStyle = Automatic;
						TestTargetID = 74128FEF2024EC46003B0591;
					};
					7412900E2024EC46003B0591 = {
						CreatedOnToolsVersion = 9.2;
						ProvisioningStyle = Automatic;
						TestTargetID = 74128FEF2024EC46003B0591;
					};
				};
			};
			buildConfigurationList = 74128FEB2024EC46003B0591 /* Build configuration list for PBXProject "GonzalezDavid_CE2" */;
			compatibilityVersion = "Xcode 8.0";
			developmentRegion = en;
			hasScannedForEncodings = 0;
			knownRegions = (
				en,
				Base,
			);
			mainGroup = 74128FE72024EC46003B0591;
			productRefGroup = 74128FF12024EC46003B0591 /* Products */;
			projectDirPath = "";
			projectRoot = "";
			targets = (
				74128FEF2024EC46003B0591 /* GonzalezDavid_CE2 */,
				741290032024EC46003B0591 /* GonzalezDavid_CE2Tests */,
				7412900E2024EC46003B0591 /* GonzalezDavid_CE2UITests */,
			);
		};
/* End PBXProject section */

/* Begin PBXResourcesBuildPhase section */
		74128FEE2024EC46003B0591 /* Resources */ = {
			isa = PBXResourcesBuildPhase;
			buildActionMask = 2147483647;
			files = (
				74128FFE2024EC46003B0591 /* LaunchScreen.storyboard in Resources */,
				74128FFB2024EC46003B0591 /* Assets.xcassets in Resources */,
				74128FF92024EC46003B0591 /* Main.storyboard in Resources */,
			);
			runOnlyForDeploymentPostprocessing = 0;
		};
		741290022024EC46003B0591 /* Resources */ = {
			isa = PBXResourcesBuildPhase;
			buildActionMask = 2147483647;
			files = (
			);
			runOnlyForDeploymentPostprocessing = 0;
		};
		7412900D2024EC46003B0591 /* Resources */ = {
			isa = PBXResourcesBuildPhase;
			buildActionMask = 2147483647;
			files = (
			);
			runOnlyForDeploymentPostprocessing = 0;
		};
/* End PBXResourcesBuildPhase section */

/* Begin PBXSourcesBuildPhase section */
		74128FEC2024EC46003B0591 /* Sources */ = {
			isa = PBXSourcesBuildPhase;
			buildActionMask = 2147483647;
			files = (
				74128FF62024EC46003B0591 /* ViewController.swift in Sources */,
				74128FF42024EC46003B0591 /* AppDelegate.swift in Sources */,
			);
			runOnlyForDeploymentPostprocessing = 0;
		};
		741290002024EC46003B0591 /* Sources */ = {
			isa = PBXSourcesBuildPhase;
			buildActionMask = 2147483647;
			files = (
				741290092024EC46003B0591 /* GonzalezDavid_CE2Tests.swift in Sources */,
			);
			runOnlyForDeploymentPostprocessing = 0;
		};
		7412900B2024EC46003B0591 /* Sources */ = {
			isa = PBXSourcesBuildPhase;
			buildActionMask = 2147483647;
			files = (
				741290142024EC46003B0591 /* GonzalezDavid_CE2UITests.swift in Sources */,
			);
			runOnlyForDeploymentPostprocessing = 0;
		};
/* End PBXSourcesBuildPhase section */

/* Begin PBXTargetDependency section */
		741290062024EC46003B0591 /* PBXTargetDependency */ = {
			isa = PBXTargetDependency;
			target = 74128FEF2024EC46003B0591 /* GonzalezDavid_CE2 */;
			targetProxy = 741290052024EC46003B0591 /* PBXContainerItemProxy */;
		};
		741290112024EC46003B0591 /* PBXTargetDependency */ = {
			isa = PBXTargetDependency;
			target = 74128FEF2024EC46003B0591 /* GonzalezDavid_CE2 */;
			targetProxy = 741290102024EC46003B0591 /* PBXContainerItemProxy */;
		};
/* End PBXTargetDependency section */

/* Begin PBXVariantGroup section */
		74128FF72024EC46003B0591 /* Main.storyboard */ = {
			isa = PBXVariantGroup;
			children = (
				74128FF82024EC46003B0591 /* Base */,
			);
			name = Main.storyboard;
			sourceTree = "<group>";
		};
		74128FFC2024EC46003B0591 /* LaunchScreen.storyboard */ = {
			isa = PBXVariantGroup;
			children = (
				74128FFD2024EC46003B0591 /* Base */,
			);
			name = LaunchScreen.storyboard;
			sourceTree = "<group>";
		};
/* End PBXVariantGroup section */

/* Begin XCBuildConfiguration section */
		741290162024EC46003B0591 /* Debug */ = {
			isa = XCBuildConfiguration;
			buildSettings = {
				ALWAYS_SEARCH_USER_PATHS = NO;
				CLANG_ANALYZER_NONNULL = YES;
				CLANG_ANALYZER_NUMBER_OBJECT_CONVERSION = YES_AGGRESSIVE;
				CLANG_CXX_LANGUAGE_STANDARD = "gnu++14";
				CLANG_CXX_LIBRARY = "libc++";
				CLANG_ENABLE_MODULES = YES;
				CLANG_ENABLE_OBJC_ARC = YES;
				CLANG_WARN_BLOCK_CAPTURE_AUTORELEASING = YES;
				CLANG_WARN_BOOL_CONVERSION = YES;
				CLANG_WARN_COMMA = YES;
				CLANG_WARN_CONSTANT_CONVERSION = YES;
				CLANG_WARN_DIRECT_OBJC_ISA_USAGE = YES_ERROR;
				CLANG_WARN_DOCUMENTATION_COMMENTS = YES;
				CLANG_WARN_EMPTY_BODY = YES;
				CLANG_WARN_ENUM_CONVERSION = YES;
				CLANG_WARN_INFINITE_RECURSION = YES;
				CLANG_WARN_INT_CONVERSION = YES;
				CLANG_WARN_NON_LITERAL_NULL_CONVERSION = YES;
				CLANG_WARN_OBJC_LITERAL_CONVERSION = YES;
				CLANG_WARN_OBJC_ROOT_CLASS = YES_ERROR;
				CLANG_WARN_RANGE_LOOP_ANALYSIS = YES;
				CLANG_WARN_STRICT_PROTOTYPES = YES;
				CLANG_WARN_SUSPICIOUS_MOVE = YES;
				CLANG_WARN_UNGUARDED_AVAILABILITY = YES_AGGRESSIVE;
				CLANG_WARN_UNREACHABLE_CODE = YES;
				CLANG_WARN__DUPLICATE_METHOD_MATCH = YES;
				CODE_SIGN_IDENTITY = "iPhone Developer";
				COPY_PHASE_STRIP = NO;
				DEBUG_INFORMATION_FORMAT = dwarf;
				ENABLE_STRICT_OBJC_MSGSEND = YES;
				ENABLE_TESTABILITY = YES;
				GCC_C_LANGUAGE_STANDARD = gnu11;
				GCC_DYNAMIC_NO_PIC = NO;
				GCC_NO_COMMON_BLOCKS = YES;
				GCC_OPTIMIZATION_LEVEL = 0;
				GCC_PREPROCESSOR_DEFINITIONS = (
					"DEBUG=1",
					"$(inherited)",
				);
				GCC_WARN_64_TO_32_BIT_CONVERSION = YES;
				GCC_WARN_ABOUT_RETURN_TYPE = YES_ERROR;
				GCC_WARN_UNDECLARED_SELECTOR = YES;
				GCC_WARN_UNINITIALIZED_AUTOS = YES_AGGRESSIVE;
				GCC_WARN_UNUSED_FUNCTION = YES;
				GCC_WARN_UNUSED_VARIABLE = YES;
				IPHONEOS_DEPLOYMENT_TARGET = 11.2;
				MTL_ENABLE_DEBUG_INFO = YES;
				ONLY_ACTIVE_ARCH = YES;
				SDKROOT = iphoneos;
				SWIFT_ACTIVE_COMPILATION_CONDITIONS = DEBUG;
				SWIFT_OPTIMIZATION_LEVEL = "-Onone";
			};
			name = Debug;
		};
		741290172024EC46003B0591 /* Release */ = {
			isa = XCBuildConfiguration;
			buildSettings = {
				ALWAYS_SEARCH_USER_PATHS = NO;
				CLANG_ANALYZER_NONNULL = YES;
				CLANG_ANALYZER_NUMBER_OBJECT_CONVERSION = YES_AGGRESSIVE;
				CLANG_CXX_LANGUAGE_STANDARD = "gnu++14";
				CLANG_CXX_LIBRARY = "libc++";
				CLANG_ENABLE_MODULES = YES;
				CLANG_ENABLE_OBJC_ARC = YES;
				CLANG_WARN_BLOCK_CAPTURE_AUTORELEASING = YES;
				CLANG_WARN_BOOL_CONVERSION = YES;
				CLANG_WARN_COMMA = YES;
				CLANG_WARN_CONSTANT_CONVERSION = YES;
				CLANG_WARN_DIRECT_OBJC_ISA_USAGE = YES_ERROR;
				CLANG_WARN_DOCUMENTATION_COMMENTS = YES;
				CLANG_WARN_EMPTY_BODY = YES;
				CLANG_WARN_ENUM_CONVERSION = YES;
				CLANG_WARN_INFINITE_RECURSION = YES;
				CLANG_WARN_INT_CONVERSION = YES;
				CLANG_WARN_NON_LITERAL_NULL_CONVERSION = YES;
				CLANG_WARN_OBJC_LITERAL_CONVERSION = YES;
				CLANG_WARN_OBJC_ROOT_CLASS = YES_ERROR;
				CLANG_WARN_RANGE_LOOP_ANALYSIS = YES;
				CLANG_WARN_STRICT_PROTOTYPES = YES;
				CLANG_WARN_SUSPICIOUS_MOVE = YES;
				CLANG_WARN_UNGUARDED_AVAILABILITY = YES_AGGRESSIVE;
				CLANG_WARN_UNREACHABLE_CODE = YES;
				CLANG_WARN__DUPLICATE_METHOD_MATCH = YES;
				CODE_SIGN_IDENTITY = "iPhone Developer";
				COPY_PHASE_STRIP = NO;
				DEBUG_INFORMATION_FORMAT = "dwarf-with-dsym";
				ENABLE_NS_ASSERTIONS = NO;
				ENABLE_STRICT_OBJC_MSGSEND = YES;
				GCC_C_LANGUAGE_STANDARD = gnu11;
				GCC_NO_COMMON_BLOCKS = YES;
				GCC_WARN_64_TO_32_BIT_CONVERSION = YES;
				GCC_WARN_ABOUT_RETURN_TYPE = YES_ERROR;
				GCC_WARN_UNDECLARED_SELECTOR = YES;
				GCC_WARN_UNINITIALIZED_AUTOS = YES_AGGRESSIVE;
				GCC_WARN_UNUSED_FUNCTION = YES;
				GCC_WARN_UNUSED_VARIABLE = YES;
				IPHONEOS_DEPLOYMENT_TARGET = 11.2;
				MTL_ENABLE_DEBUG_INFO = NO;
				SDKROOT = iphoneos;
				SWIFT_OPTIMIZATION_LEVEL = "-Owholemodule";
				VALIDATE_PRODUCT = YES;
			};
			name = Release;
		};
		741290192024EC46003B0591 /* Debug */ = {
			isa = XCBuildConfiguration;
			buildSettings = {
				ASSETCATALOG_COMPILER_APPICON_NAME = AppIcon;
				CODE_SIGN_STYLE = Automatic;
				DEVELOPMENT_TEAM = BGB4C6JU2Z;
				INFOPLIST_FILE = GonzalezDavid_CE2/Info.plist;
				LD_RUNPATH_SEARCH_PATHS = "$(inherited) @executable_path/Frameworks";
				PRODUCT_BUNDLE_IDENTIFIER = "com.GonzalezDavid.GonzalezDavid-CE2";
				PRODUCT_NAME = "$(TARGET_NAME)";
				SWIFT_VERSION = 4.0;
				TARGETED_DEVICE_FAMILY = "1,2";
			};
			name = Debug;
		};
		7412901A2024EC46003B0591 /* Release */ = {
			isa = XCBuildConfiguration;
			buildSettings = {
				ASSETCATALOG_COMPILER_APPICON_NAME = AppIcon;
				CODE_SIGN_STYLE = Automatic;
				DEVELOPMENT_TEAM = BGB4C6JU2Z;
				INFOPLIST_FILE = GonzalezDavid_CE2/Info.plist;
				LD_RUNPATH_SEARCH_PATHS = "$(inherited) @executable_path/Frameworks";
				PRODUCT_BUNDLE_IDENTIFIER = "com.GonzalezDavid.GonzalezDavid-CE2";
				PRODUCT_NAME = "$(TARGET_NAME)";
				SWIFT_VERSION = 4.0;
				TARGETED_DEVICE_FAMILY = "1,2";
			};
			name = Release;
		};
		7412901C2024EC46003B0591 /* Debug */ = {
			isa = XCBuildConfiguration;
			buildSettings = {
				ALWAYS_EMBED_SWIFT_STANDARD_LIBRARIES = YES;
				BUNDLE_LOADER = "$(TEST_HOST)";
				CODE_SIGN_STYLE = Automatic;
				DEVELOPMENT_TEAM = BGB4C6JU2Z;
				INFOPLIST_FILE = GonzalezDavid_CE2Tests/Info.plist;
				LD_RUNPATH_SEARCH_PATHS = "$(inherited) @executable_path/Frameworks @loader_path/Frameworks";
				PRODUCT_BUNDLE_IDENTIFIER = "com.GonzalezDavid.GonzalezDavid-CE2Tests";
				PRODUCT_NAME = "$(TARGET_NAME)";
				SWIFT_VERSION = 4.0;
				TARGETED_DEVICE_FAMILY = "1,2";
				TEST_HOST = "$(BUILT_PRODUCTS_DIR)/GonzalezDavid_CE2.app/GonzalezDavid_CE2";
			};
			name = Debug;
		};
		7412901D2024EC46003B0591 /* Release */ = {
			isa = XCBuildConfiguration;
			buildSettings = {
				ALWAYS_EMBED_SWIFT_STANDARD_LIBRARIES = YES;
				BUNDLE_LOADER = "$(TEST_HOST)";
				CODE_SIGN_STYLE = Automatic;
				DEVELOPMENT_TEAM = BGB4C6JU2Z;
				INFOPLIST_FILE = GonzalezDavid_CE2Tests/Info.plist;
				LD_RUNPATH_SEARCH_PATHS = "$(inherited) @executable_path/Frameworks @loader_path/Frameworks";
				PRODUCT_BUNDLE_IDENTIFIER = "com.GonzalezDavid.GonzalezDavid-CE2Tests";
				PRODUCT_NAME = "$(TARGET_NAME)";
				SWIFT_VERSION = 4.0;
				TARGETED_DEVICE_FAMILY = "1,2";
				TEST_HOST = "$(BUILT_PRODUCTS_DIR)/GonzalezDavid_CE2.app/GonzalezDavid_CE2";
			};
			name = Release;
		};
		7412901F2024EC46003B0591 /* Debug */ = {
			isa = XCBuildConfiguration;
			buildSettings = {
				ALWAYS_EMBED_SWIFT_STANDARD_LIBRARIES = YES;
				CODE_SIGN_STYLE = Automatic;
				DEVELOPMENT_TEAM = BGB4C6JU2Z;
				INFOPLIST_FILE = GonzalezDavid_CE2UITests/Info.plist;
				LD_RUNPATH_SEARCH_PATHS = "$(inherited) @executable_path/Frameworks @loader_path/Frameworks";
				PRODUCT_BUNDLE_IDENTIFIER = "com.GonzalezDavid.GonzalezDavid-CE2UITests";
				PRODUCT_NAME = "$(TARGET_NAME)";
				SWIFT_VERSION = 4.0;
				TARGETED_DEVICE_FAMILY = "1,2";
				TEST_TARGET_NAME = GonzalezDavid_CE2;
			};
			name = Debug;
		};
		741290202024EC46003B0591 /* Release */ = {
			isa = XCBuildConfiguration;
			buildSettings = {
				ALWAYS_EMBED_SWIFT_STANDARD_LIBRARIES = YES;
				CODE_SIGN_STYLE = Automatic;
				DEVELOPMENT_TEAM = BGB4C6JU2Z;
				INFOPLIST_FILE = GonzalezDavid_CE2UITests/Info.plist;
				LD_RUNPATH_SEARCH_PATHS = "$(inherited) @executable_path/Frameworks @loader_path/Frameworks";
				PRODUCT_BUNDLE_IDENTIFIER = "com.GonzalezDavid.GonzalezDavid-CE2UITests";
				PRODUCT_NAME = "$(TARGET_NAME)";
				SWIFT_VERSION = 4.0;
				TARGETED_DEVICE_FAMILY = "1,2";
				TEST_TARGET_NAME = GonzalezDavid_CE2;
			};
			name = Release;
		};
/* End XCBuildConfiguration section */

/* Begin XCConfigurationList section */
		74128FEB2024EC46003B0591 /* Build configuration list for PBXProject "GonzalezDavid_CE2" */ = {
			isa = XCConfigurationList;
			buildConfigurations = (
				741290162024EC46003B0591 /* Debug */,
				741290172024EC46003B0591 /* Release */,
			);
			defaultConfigurationIsVisible = 0;
			defaultConfigurationName = Release;
		};
		741290182024EC46003B0591 /* Build configuration list for PBXNativeTarget "GonzalezDavid_CE2" */ = {
			isa = XCConfigurationList;
			buildConfigurations = (
				741290192024EC46003B0591 /* Debug */,
				7412901A2024EC46003B0591 /* Release */,
			);
			defaultConfigurationIsVisible = 0;
			defaultConfigurationName = Release;
		};
		7412901B2024EC46003B0591 /* Build configuration list for PBXNativeTarget "GonzalezDavid_CE2Tests" */ = {
			isa = XCConfigurationList;
			buildConfigurations = (
				7412901C2024EC46003B0591 /* Debug */,
				7412901D2024EC46003B0591 /* Release */,
			);
			defaultConfigurationIsVisible = 0;
			defaultConfigurationName = Release;
		};
		7412901E2024EC46003B0591 /* Build configuration list for PBXNativeTarget "GonzalezDavid_CE2UITests" */ = {
			isa = XCConfigurationList;
			buildConfigurations = (
				7412901F2024EC46003B0591 /* Debug */,
				741290202024EC46003B0591 /* Release */,
			);
			defaultConfigurationIsVisible = 0;
			defaultConfigurationName = Release;
		};
/* End XCConfigurationList section */
	};
	rootObject = 74128FE82024EC46003B0591 /* Project object */;
}
